PODS:
  - SSAITracking (1.0.0)

DEPENDENCIES:
  - SSAITracking (from `https://github.com/sigmaott/sigma-ssai-ios.git`, tag `1.0.0`)

EXTERNAL SOURCES:
  SSAITracking:
    :git: https://github.com/sigmaott/sigma-ssai-ios.git
    :tag: 1.0.0

CHECKOUT OPTIONS:
  SSAITracking:
    :git: https://github.com/sigmaott/sigma-ssai-ios.git
    :tag: 1.0.0

SPEC CHECKSUMS:
  SSAITracking: 3c1710da35d08503e5869768400e26a4d0ef9ff1

PODFILE CHECKSUM: 16cb43fae8a1da53e70c22c552c8ffa48336bf83

COCOAPODS: 1.15.2
