PODS:
  - SSAITracking (1.0.1)

DEPENDENCIES:
  - SSAITracking (from `https://github.com/sigmaott/sigma-ssai-ios.git`, tag `1.0.1`)

EXTERNAL SOURCES:
  SSAITracking:
    :git: https://github.com/sigmaott/sigma-ssai-ios.git
    :tag: 1.0.1

CHECKOUT OPTIONS:
  SSAITracking:
    :git: https://github.com/sigmaott/sigma-ssai-ios.git
    :tag: 1.0.1

SPEC CHECKSUMS:
  SSAITracking: 4374099fda55e333b25c804a4754bd0ec548935f

PODFILE CHECKSUM: 04bf1bf683f82bc850edf5971e22ab8c1af2cb7c

COCOAPODS: 1.15.2
