// !$*UTF8*$!
{
	archiveVersion = 1;
	classes = {
	};
	objectVersion = 60;
	objects = {

/* Begin PBXBuildFile section */
		9B197FD62CBCC59D005CDC2B /* Constants.swift in Sources */ = {isa = PBXBuildFile; fileRef = 9B197FD52CBCC59D005CDC2B /* Constants.swift */; };
		9B3974D82CC7380100705E1C /* libSigmaDRM.a in Frameworks */ = {isa = PBXBuildFile; fileRef = 9B3974D62CC7380000705E1C /* libSigmaDRM.a */; };
		9B7D8F6A27F43D4000C683D4 /* AppDelegate.swift in Sources */ = {isa = PBXBuildFile; fileRef = 9B7D8F6927F43D4000C683D4 /* AppDelegate.swift */; };
		9B7D8F6C27F43D4000C683D4 /* SceneDelegate.swift in Sources */ = {isa = PBXBuildFile; fileRef = 9B7D8F6B27F43D4000C683D4 /* SceneDelegate.swift */; };
		9B7D8F6E27F43D4000C683D4 /* ViewController.swift in Sources */ = {isa = PBXBuildFile; fileRef = 9B7D8F6D27F43D4000C683D4 /* ViewController.swift */; };
		9B7D8F7127F43D4100C683D4 /* Main.storyboard in Resources */ = {isa = PBXBuildFile; fileRef = 9B7D8F6F27F43D4100C683D4 /* Main.storyboard */; };
		9B7D8F7327F43D4D00C683D4 /* Assets.xcassets in Resources */ = {isa = PBXBuildFile; fileRef = 9B7D8F7227F43D4D00C683D4 /* Assets.xcassets */; };
		9B7D8F7627F43D4D00C683D4 /* LaunchScreen.storyboard in Resources */ = {isa = PBXBuildFile; fileRef = 9B7D8F7427F43D4D00C683D4 /* LaunchScreen.storyboard */; };
		9B7D8F9127F567A300C683D4 /* PlayerViewController.swift in Sources */ = {isa = PBXBuildFile; fileRef = 9B7D8F9027F567A300C683D4 /* PlayerViewController.swift */; };
		9B85CBF327FAA3A700B7C935 /* AppUtility.swift in Sources */ = {isa = PBXBuildFile; fileRef = 9B85CBF227FAA3A700B7C935 /* AppUtility.swift */; };
		9B8BAA2E2CFCF2B3006674CC /* URLManager.swift in Sources */ = {isa = PBXBuildFile; fileRef = 9B8BAA2D2CFCF2B3006674CC /* URLManager.swift */; };
		9B9AC2212CC2123E00CB7EE5 /* PickerModalViewController.swift in Sources */ = {isa = PBXBuildFile; fileRef = 9B9AC2202CC2123E00CB7EE5 /* PickerModalViewController.swift */; };
		9B9AC22E2CC3605900CB7EE5 /* PickerModalProfile.swift in Sources */ = {isa = PBXBuildFile; fileRef = 9B9AC22D2CC3605900CB7EE5 /* PickerModalProfile.swift */; };
		9BA3AF182CBE14890004EB4E /* helper.swift in Sources */ = {isa = PBXBuildFile; fileRef = 9BA3AF172CBE14890004EB4E /* helper.swift */; };
		DA95AB45493C79BFAB762E55 /* libPods-DemoSSAI.a in Frameworks */ = {isa = PBXBuildFile; fileRef = 7D70CC2CCADB15CF00BEAEFD /* libPods-DemoSSAI.a */; };
/* End PBXBuildFile section */

/* Begin PBXCopyFilesBuildPhase section */
		9BBF1B83288FDC06003A6DF2 /* CopyFiles */ = {
			isa = PBXCopyFilesBuildPhase;
			buildActionMask = 2147483647;
			dstPath = "";
			dstSubfolderSpec = 7;
			files = (
			);
			runOnlyForDeploymentPostprocessing = 0;
		};
/* End PBXCopyFilesBuildPhase section */

/* Begin PBXFileReference section */
		429079E5BC52E356902FB563 /* Pods-DemoSSAI.release.xcconfig */ = {isa = PBXFileReference; includeInIndex = 1; lastKnownFileType = text.xcconfig; name = "Pods-DemoSSAI.release.xcconfig"; path = "Target Support Files/Pods-DemoSSAI/Pods-DemoSSAI.release.xcconfig"; sourceTree = "<group>"; };
		7D70CC2CCADB15CF00BEAEFD /* libPods-DemoSSAI.a */ = {isa = PBXFileReference; explicitFileType = archive.ar; includeInIndex = 0; path = "libPods-DemoSSAI.a"; sourceTree = BUILT_PRODUCTS_DIR; };
		9B197FD52CBCC59D005CDC2B /* Constants.swift */ = {isa = PBXFileReference; lastKnownFileType = sourcecode.swift; path = Constants.swift; sourceTree = "<group>"; };
		9B3974D62CC7380000705E1C /* libSigmaDRM.a */ = {isa = PBXFileReference; lastKnownFileType = archive.ar; name = libSigmaDRM.a; path = libs/libSigmaDRM.a; sourceTree = SOURCE_ROOT; };
		9B3974D92CC7381000705E1C /* SigmaDRM.h */ = {isa = PBXFileReference; fileEncoding = 4; lastKnownFileType = sourcecode.c.h; path = SigmaDRM.h; sourceTree = "<group>"; };
		9B3974DA2CC7387A00705E1C /* DemoSSAI-Bridging-Header.h */ = {isa = PBXFileReference; lastKnownFileType = sourcecode.c.h; path = "DemoSSAI-Bridging-Header.h"; sourceTree = "<group>"; };
		9B61F1202CCF6D7100119C47 /* ProgrammaticAccessLibrary.xcframework */ = {isa = PBXFileReference; expectedSignature = "AppleDeveloperProgram:EQHXZ8M8AV:Google LLC"; lastKnownFileType = wrapper.xcframework; name = ProgrammaticAccessLibrary.xcframework; path = "../sigma-dai-avplayer-ssai-plugin/libs/ProgrammaticAccessLibrary.xcframework"; sourceTree = "<group>"; };
		9B7D8F6627F43D4000C683D4 /* DemoSSAI.app */ = {isa = PBXFileReference; explicitFileType = wrapper.application; includeInIndex = 0; path = DemoSSAI.app; sourceTree = BUILT_PRODUCTS_DIR; };
		9B7D8F6927F43D4000C683D4 /* AppDelegate.swift */ = {isa = PBXFileReference; lastKnownFileType = sourcecode.swift; path = AppDelegate.swift; sourceTree = "<group>"; };
		9B7D8F6B27F43D4000C683D4 /* SceneDelegate.swift */ = {isa = PBXFileReference; lastKnownFileType = sourcecode.swift; path = SceneDelegate.swift; sourceTree = "<group>"; };
		9B7D8F6D27F43D4000C683D4 /* ViewController.swift */ = {isa = PBXFileReference; lastKnownFileType = sourcecode.swift; path = ViewController.swift; sourceTree = "<group>"; };
		9B7D8F7027F43D4100C683D4 /* Base */ = {isa = PBXFileReference; lastKnownFileType = file.storyboard; name = Base; path = Base.lproj/Main.storyboard; sourceTree = "<group>"; };
		9B7D8F7227F43D4D00C683D4 /* Assets.xcassets */ = {isa = PBXFileReference; lastKnownFileType = folder.assetcatalog; path = Assets.xcassets; sourceTree = "<group>"; };
		9B7D8F7527F43D4D00C683D4 /* Base */ = {isa = PBXFileReference; lastKnownFileType = file.storyboard; name = Base; path = Base.lproj/LaunchScreen.storyboard; sourceTree = "<group>"; };
		9B7D8F7727F43D4D00C683D4 /* Info.plist */ = {isa = PBXFileReference; lastKnownFileType = text.plist.xml; path = Info.plist; sourceTree = "<group>"; };
		9B7D8F9027F567A300C683D4 /* PlayerViewController.swift */ = {isa = PBXFileReference; lastKnownFileType = sourcecode.swift; path = PlayerViewController.swift; sourceTree = "<group>"; };
		9B85CBF227FAA3A700B7C935 /* AppUtility.swift */ = {isa = PBXFileReference; lastKnownFileType = sourcecode.swift; path = AppUtility.swift; sourceTree = "<group>"; };
		9B8BAA2D2CFCF2B3006674CC /* URLManager.swift */ = {isa = PBXFileReference; lastKnownFileType = sourcecode.swift; path = URLManager.swift; sourceTree = "<group>"; };
		9B9AC2202CC2123E00CB7EE5 /* PickerModalViewController.swift */ = {isa = PBXFileReference; lastKnownFileType = sourcecode.swift; path = PickerModalViewController.swift; sourceTree = "<group>"; };
		9B9AC22D2CC3605900CB7EE5 /* PickerModalProfile.swift */ = {isa = PBXFileReference; lastKnownFileType = sourcecode.swift; path = PickerModalProfile.swift; sourceTree = "<group>"; };
		9BA3AF172CBE14890004EB4E /* helper.swift */ = {isa = PBXFileReference; lastKnownFileType = sourcecode.swift; path = helper.swift; sourceTree = "<group>"; };
		CB4A0698F825FDD2673EBC5A /* Pods-DemoSSAI.debug.xcconfig */ = {isa = PBXFileReference; includeInIndex = 1; lastKnownFileType = text.xcconfig; name = "Pods-DemoSSAI.debug.xcconfig"; path = "Target Support Files/Pods-DemoSSAI/Pods-DemoSSAI.debug.xcconfig"; sourceTree = "<group>"; };
/* End PBXFileReference section */

/* Begin PBXFrameworksBuildPhase section */
		9B7D8F6327F43D4000C683D4 /* Frameworks */ = {
			isa = PBXFrameworksBuildPhase;
			buildActionMask = 2147483647;
			files = (
				9B3974D82CC7380100705E1C /* libSigmaDRM.a in Frameworks */,
				DA95AB45493C79BFAB762E55 /* libPods-DemoSSAI.a in Frameworks */,
			);
			runOnlyForDeploymentPostprocessing = 0;
		};
/* End PBXFrameworksBuildPhase section */

/* Begin PBXGroup section */
		11164599CD849CDF56C40F12 /* Pods */ = {
			isa = PBXGroup;
			children = (
				CB4A0698F825FDD2673EBC5A /* Pods-DemoSSAI.debug.xcconfig */,
				429079E5BC52E356902FB563 /* Pods-DemoSSAI.release.xcconfig */,
			);
			path = Pods;
			sourceTree = "<group>";
		};
		2E70C2F093B16FE060ECF291 /* Frameworks */ = {
			isa = PBXGroup;
			children = (
				9B61F1202CCF6D7100119C47 /* ProgrammaticAccessLibrary.xcframework */,
				7D70CC2CCADB15CF00BEAEFD /* libPods-DemoSSAI.a */,
			);
			name = Frameworks;
			sourceTree = "<group>";
		};
		9B7D8F5D27F43D4000C683D4 = {
			isa = PBXGroup;
			children = (
				9B85CBF227FAA3A700B7C935 /* AppUtility.swift */,
				9B7D8F6827F43D4000C683D4 /* DemoSSAI */,
				9B7D8F6727F43D4000C683D4 /* Products */,
				11164599CD849CDF56C40F12 /* Pods */,
				2E70C2F093B16FE060ECF291 /* Frameworks */,
			);
			sourceTree = "<group>";
		};
		9B7D8F6727F43D4000C683D4 /* Products */ = {
			isa = PBXGroup;
			children = (
				9B7D8F6627F43D4000C683D4 /* DemoSSAI.app */,
			);
			name = Products;
			sourceTree = "<group>";
		};
		9B7D8F6827F43D4000C683D4 /* DemoSSAI */ = {
			isa = PBXGroup;
			children = (
				9B3974D92CC7381000705E1C /* SigmaDRM.h */,
				9B3974D62CC7380000705E1C /* libSigmaDRM.a */,
				9B7D8F6927F43D4000C683D4 /* AppDelegate.swift */,
				9B7D8F6B27F43D4000C683D4 /* SceneDelegate.swift */,
				9B7D8F6D27F43D4000C683D4 /* ViewController.swift */,
				9B7D8F6F27F43D4100C683D4 /* Main.storyboard */,
				9B7D8F7227F43D4D00C683D4 /* Assets.xcassets */,
				9B7D8F7427F43D4D00C683D4 /* LaunchScreen.storyboard */,
				9B7D8F7727F43D4D00C683D4 /* Info.plist */,
				9B7D8F9027F567A300C683D4 /* PlayerViewController.swift */,
				9B197FD52CBCC59D005CDC2B /* Constants.swift */,
				9BA3AF172CBE14890004EB4E /* helper.swift */,
				9B9AC2202CC2123E00CB7EE5 /* PickerModalViewController.swift */,
				9B9AC22D2CC3605900CB7EE5 /* PickerModalProfile.swift */,
				9B3974DA2CC7387A00705E1C /* DemoSSAI-Bridging-Header.h */,
				9B8BAA2D2CFCF2B3006674CC /* URLManager.swift */,
			);
			path = DemoSSAI;
			sourceTree = "<group>";
		};
/* End PBXGroup section */

/* Begin PBXNativeTarget section */
		9B7D8F6527F43D4000C683D4 /* DemoSSAI */ = {
			isa = PBXNativeTarget;
			buildConfigurationList = 9B7D8F7A27F43D4D00C683D4 /* Build configuration list for PBXNativeTarget "DemoSSAI" */;
			buildPhases = (
				6B605BBE11B8D3B0DA87A505 /* [CP] Check Pods Manifest.lock */,
				9B7D8F6227F43D4000C683D4 /* Sources */,
				9B7D8F6327F43D4000C683D4 /* Frameworks */,
				9B7D8F6427F43D4000C683D4 /* Resources */,
				9BBF1B83288FDC06003A6DF2 /* CopyFiles */,
				44C349416CDDA0E993D271F8 /* [CP] Embed Pods Frameworks */,
			);
			buildRules = (
			);
			dependencies = (
			);
			name = DemoSSAI;
			productName = DemoSigmaInteractive;
			productReference = 9B7D8F6627F43D4000C683D4 /* DemoSSAI.app */;
			productType = "com.apple.product-type.application";
		};
/* End PBXNativeTarget section */

/* Begin PBXProject section */
		9B7D8F5E27F43D4000C683D4 /* Project object */ = {
			isa = PBXProject;
			attributes = {
				BuildIndependentTargetsInParallel = 1;
				LastSwiftUpdateCheck = 1320;
				LastUpgradeCheck = 1320;
				TargetAttributes = {
					9B7D8F6527F43D4000C683D4 = {
						CreatedOnToolsVersion = 13.2.1;
					};
				};
			};
			buildConfigurationList = 9B7D8F6127F43D4000C683D4 /* Build configuration list for PBXProject "DemoSSAI" */;
			compatibilityVersion = "Xcode 13.0";
			developmentRegion = en;
			hasScannedForEncodings = 0;
			knownRegions = (
				en,
				Base,
			);
			mainGroup = 9B7D8F5D27F43D4000C683D4;
			productRefGroup = 9B7D8F6727F43D4000C683D4 /* Products */;
			projectDirPath = "";
			projectRoot = "";
			targets = (
				9B7D8F6527F43D4000C683D4 /* DemoSSAI */,
			);
		};
/* End PBXProject section */

/* Begin PBXResourcesBuildPhase section */
		9B7D8F6427F43D4000C683D4 /* Resources */ = {
			isa = PBXResourcesBuildPhase;
			buildActionMask = 2147483647;
			files = (
				9B7D8F7627F43D4D00C683D4 /* LaunchScreen.storyboard in Resources */,
				9B7D8F7327F43D4D00C683D4 /* Assets.xcassets in Resources */,
				9B7D8F7127F43D4100C683D4 /* Main.storyboard in Resources */,
			);
			runOnlyForDeploymentPostprocessing = 0;
		};
/* End PBXResourcesBuildPhase section */

/* Begin PBXShellScriptBuildPhase section */
		44C349416CDDA0E993D271F8 /* [CP] Embed Pods Frameworks */ = {
			isa = PBXShellScriptBuildPhase;
			buildActionMask = 2147483647;
			files = (
			);
			inputFileListPaths = (
				"${PODS_ROOT}/Target Support Files/Pods-DemoSSAI/Pods-DemoSSAI-frameworks-${CONFIGURATION}-input-files.xcfilelist",
			);
			name = "[CP] Embed Pods Frameworks";
			outputFileListPaths = (
				"${PODS_ROOT}/Target Support Files/Pods-DemoSSAI/Pods-DemoSSAI-frameworks-${CONFIGURATION}-output-files.xcfilelist",
			);
			runOnlyForDeploymentPostprocessing = 0;
			shellPath = /bin/sh;
			shellScript = "\"${PODS_ROOT}/Target Support Files/Pods-DemoSSAI/Pods-DemoSSAI-frameworks.sh\"\n";
			showEnvVarsInLog = 0;
		};
		6B605BBE11B8D3B0DA87A505 /* [CP] Check Pods Manifest.lock */ = {
			isa = PBXShellScriptBuildPhase;
			buildActionMask = 2147483647;
			files = (
			);
			inputFileListPaths = (
			);
			inputPaths = (
				"${PODS_PODFILE_DIR_PATH}/Podfile.lock",
				"${PODS_ROOT}/Manifest.lock",
			);
			name = "[CP] Check Pods Manifest.lock";
			outputFileListPaths = (
			);
			outputPaths = (
				"$(DERIVED_FILE_DIR)/Pods-DemoSSAI-checkManifestLockResult.txt",
			);
			runOnlyForDeploymentPostprocessing = 0;
			shellPath = /bin/sh;
			shellScript = "diff \"${PODS_PODFILE_DIR_PATH}/Podfile.lock\" \"${PODS_ROOT}/Manifest.lock\" > /dev/null\nif [ $? != 0 ] ; then\n    # print error to STDERR\n    echo \"error: The sandbox is not in sync with the Podfile.lock. Run 'pod install' or update your CocoaPods installation.\" >&2\n    exit 1\nfi\n# This output is used by Xcode 'outputs' to avoid re-running this script phase.\necho \"SUCCESS\" > \"${SCRIPT_OUTPUT_FILE_0}\"\n";
			showEnvVarsInLog = 0;
		};
/* End PBXShellScriptBuildPhase section */

/* Begin PBXSourcesBuildPhase section */
		9B7D8F6227F43D4000C683D4 /* Sources */ = {
			isa = PBXSourcesBuildPhase;
			buildActionMask = 2147483647;
			files = (
				9B7D8F6E27F43D4000C683D4 /* ViewController.swift in Sources */,
				9B7D8F9127F567A300C683D4 /* PlayerViewController.swift in Sources */,
				9BA3AF182CBE14890004EB4E /* helper.swift in Sources */,
				9B8BAA2E2CFCF2B3006674CC /* URLManager.swift in Sources */,
				9B85CBF327FAA3A700B7C935 /* AppUtility.swift in Sources */,
				9B9AC2212CC2123E00CB7EE5 /* PickerModalViewController.swift in Sources */,
				9B7D8F6A27F43D4000C683D4 /* AppDelegate.swift in Sources */,
				9B9AC22E2CC3605900CB7EE5 /* PickerModalProfile.swift in Sources */,
				9B7D8F6C27F43D4000C683D4 /* SceneDelegate.swift in Sources */,
				9B197FD62CBCC59D005CDC2B /* Constants.swift in Sources */,
			);
			runOnlyForDeploymentPostprocessing = 0;
		};
/* End PBXSourcesBuildPhase section */

/* Begin PBXVariantGroup section */
		9B7D8F6F27F43D4100C683D4 /* Main.storyboard */ = {
			isa = PBXVariantGroup;
			children = (
				9B7D8F7027F43D4100C683D4 /* Base */,
			);
			name = Main.storyboard;
			sourceTree = "<group>";
		};
		9B7D8F7427F43D4D00C683D4 /* LaunchScreen.storyboard */ = {
			isa = PBXVariantGroup;
			children = (
				9B7D8F7527F43D4D00C683D4 /* Base */,
			);
			name = LaunchScreen.storyboard;
			sourceTree = "<group>";
		};
/* End PBXVariantGroup section */

/* Begin XCBuildConfiguration section */
		9B7D8F7827F43D4D00C683D4 /* Debug */ = {
			isa = XCBuildConfiguration;
			buildSettings = {
				ALWAYS_SEARCH_USER_PATHS = NO;
				CLANG_ANALYZER_NONNULL = YES;
				CLANG_ANALYZER_NUMBER_OBJECT_CONVERSION = YES_AGGRESSIVE;
				CLANG_CXX_LANGUAGE_STANDARD = "gnu++17";
				CLANG_CXX_LIBRARY = "libc++";
				CLANG_ENABLE_MODULES = YES;
				CLANG_ENABLE_OBJC_ARC = YES;
				CLANG_ENABLE_OBJC_WEAK = YES;
				CLANG_WARN_BLOCK_CAPTURE_AUTORELEASING = YES;
				CLANG_WARN_BOOL_CONVERSION = YES;
				CLANG_WARN_COMMA = YES;
				CLANG_WARN_CONSTANT_CONVERSION = YES;
				CLANG_WARN_DEPRECATED_OBJC_IMPLEMENTATIONS = YES;
				CLANG_WARN_DIRECT_OBJC_ISA_USAGE = YES_ERROR;
				CLANG_WARN_DOCUMENTATION_COMMENTS = YES;
				CLANG_WARN_EMPTY_BODY = YES;
				CLANG_WARN_ENUM_CONVERSION = YES;
				CLANG_WARN_INFINITE_RECURSION = YES;
				CLANG_WARN_INT_CONVERSION = YES;
				CLANG_WARN_NON_LITERAL_NULL_CONVERSION = YES;
				CLANG_WARN_OBJC_IMPLICIT_RETAIN_SELF = YES;
				CLANG_WARN_OBJC_LITERAL_CONVERSION = YES;
				CLANG_WARN_OBJC_ROOT_CLASS = YES_ERROR;
				CLANG_WARN_QUOTED_INCLUDE_IN_FRAMEWORK_HEADER = YES;
				CLANG_WARN_RANGE_LOOP_ANALYSIS = YES;
				CLANG_WARN_STRICT_PROTOTYPES = YES;
				CLANG_WARN_SUSPICIOUS_MOVE = YES;
				CLANG_WARN_UNGUARDED_AVAILABILITY = YES_AGGRESSIVE;
				CLANG_WARN_UNREACHABLE_CODE = YES;
				CLANG_WARN__DUPLICATE_METHOD_MATCH = YES;
				COPY_PHASE_STRIP = NO;
				DEBUG_INFORMATION_FORMAT = dwarf;
				ENABLE_STRICT_OBJC_MSGSEND = YES;
				ENABLE_TESTABILITY = YES;
				GCC_C_LANGUAGE_STANDARD = gnu11;
				GCC_DYNAMIC_NO_PIC = NO;
				GCC_NO_COMMON_BLOCKS = YES;
				GCC_OPTIMIZATION_LEVEL = 0;
				GCC_PREPROCESSOR_DEFINITIONS = (
					"DEBUG=1",
					"$(inherited)",
				);
				GCC_WARN_64_TO_32_BIT_CONVERSION = YES;
				GCC_WARN_ABOUT_RETURN_TYPE = YES_ERROR;
				GCC_WARN_UNDECLARED_SELECTOR = YES;
				GCC_WARN_UNINITIALIZED_AUTOS = YES_AGGRESSIVE;
				GCC_WARN_UNUSED_FUNCTION = YES;
				GCC_WARN_UNUSED_VARIABLE = YES;
				IPHONEOS_DEPLOYMENT_TARGET = 15.0;
				MTL_ENABLE_DEBUG_INFO = INCLUDE_SOURCE;
				MTL_FAST_MATH = YES;
				ONLY_ACTIVE_ARCH = YES;
				SDKROOT = iphoneos;
				SWIFT_ACTIVE_COMPILATION_CONDITIONS = DEBUG;
				SWIFT_OPTIMIZATION_LEVEL = "-Onone";
				VALIDATE_WORKSPACE = YES;
			};
			name = Debug;
		};
		9B7D8F7927F43D4D00C683D4 /* Release */ = {
			isa = XCBuildConfiguration;
			buildSettings = {
				ALWAYS_SEARCH_USER_PATHS = NO;
				CLANG_ANALYZER_NONNULL = YES;
				CLANG_ANALYZER_NUMBER_OBJECT_CONVERSION = YES_AGGRESSIVE;
				CLANG_CXX_LANGUAGE_STANDARD = "gnu++17";
				CLANG_CXX_LIBRARY = "libc++";
				CLANG_ENABLE_MODULES = YES;
				CLANG_ENABLE_OBJC_ARC = YES;
				CLANG_ENABLE_OBJC_WEAK = YES;
				CLANG_WARN_BLOCK_CAPTURE_AUTORELEASING = YES;
				CLANG_WARN_BOOL_CONVERSION = YES;
				CLANG_WARN_COMMA = YES;
				CLANG_WARN_CONSTANT_CONVERSION = YES;
				CLANG_WARN_DEPRECATED_OBJC_IMPLEMENTATIONS = YES;
				CLANG_WARN_DIRECT_OBJC_ISA_USAGE = YES_ERROR;
				CLANG_WARN_DOCUMENTATION_COMMENTS = YES;
				CLANG_WARN_EMPTY_BODY = YES;
				CLANG_WARN_ENUM_CONVERSION = YES;
				CLANG_WARN_INFINITE_RECURSION = YES;
				CLANG_WARN_INT_CONVERSION = YES;
				CLANG_WARN_NON_LITERAL_NULL_CONVERSION = YES;
				CLANG_WARN_OBJC_IMPLICIT_RETAIN_SELF = YES;
				CLANG_WARN_OBJC_LITERAL_CONVERSION = YES;
				CLANG_WARN_OBJC_ROOT_CLASS = YES_ERROR;
				CLANG_WARN_QUOTED_INCLUDE_IN_FRAMEWORK_HEADER = YES;
				CLANG_WARN_RANGE_LOOP_ANALYSIS = YES;
				CLANG_WARN_STRICT_PROTOTYPES = YES;
				CLANG_WARN_SUSPICIOUS_MOVE = YES;
				CLANG_WARN_UNGUARDED_AVAILABILITY = YES_AGGRESSIVE;
				CLANG_WARN_UNREACHABLE_CODE = YES;
				CLANG_WARN__DUPLICATE_METHOD_MATCH = YES;
				COPY_PHASE_STRIP = NO;
				DEBUG_INFORMATION_FORMAT = "dwarf-with-dsym";
				ENABLE_NS_ASSERTIONS = NO;
				ENABLE_STRICT_OBJC_MSGSEND = YES;
				GCC_C_LANGUAGE_STANDARD = gnu11;
				GCC_NO_COMMON_BLOCKS = YES;
				GCC_WARN_64_TO_32_BIT_CONVERSION = YES;
				GCC_WARN_ABOUT_RETURN_TYPE = YES_ERROR;
				GCC_WARN_UNDECLARED_SELECTOR = YES;
				GCC_WARN_UNINITIALIZED_AUTOS = YES_AGGRESSIVE;
				GCC_WARN_UNUSED_FUNCTION = YES;
				GCC_WARN_UNUSED_VARIABLE = YES;
				IPHONEOS_DEPLOYMENT_TARGET = 15.0;
				MTL_ENABLE_DEBUG_INFO = NO;
				MTL_FAST_MATH = YES;
				SDKROOT = iphoneos;
				SWIFT_COMPILATION_MODE = wholemodule;
				SWIFT_OPTIMIZATION_LEVEL = "-O";
				VALIDATE_PRODUCT = YES;
				VALIDATE_WORKSPACE = YES;
			};
			name = Release;
		};
		9B7D8F7B27F43D4D00C683D4 /* Debug */ = {
			isa = XCBuildConfiguration;
			baseConfigurationReference = CB4A0698F825FDD2673EBC5A /* Pods-DemoSSAI.debug.xcconfig */;
			buildSettings = {
				ASSETCATALOG_COMPILER_APPICON_NAME = AppIcon;
				ASSETCATALOG_COMPILER_GLOBAL_ACCENT_COLOR_NAME = AccentColor;
				CODE_SIGN_STYLE = Automatic;
				CURRENT_PROJECT_VERSION = 17;
				DEVELOPMENT_TEAM = 653RQ2NUA9;
				"EXCLUDED_ARCHS[sdk=iphonesimulator*]" = "arm64, armv7 arm64e,";
				FRAMEWORK_SEARCH_PATHS = (
					"$(inherited)",
					"$(PROJECT_DIR)",
					"$(SRCROOT)",
				);
				GCC_PREPROCESSOR_DEFINITIONS = (
					"$(inherited)",
					"COCOAPODS=1",
					"DRM_ENABLED=0",
				);
				GENERATE_INFOPLIST_FILE = YES;
				INFOPLIST_FILE = DemoSSAI/Info.plist;
				INFOPLIST_KEY_CFBundleDisplayName = "Demo SSAI";
				INFOPLIST_KEY_NSUserTrackingUsageDescription = "This identifier will be used to deliver personalized ads to you.";
				INFOPLIST_KEY_UIApplicationSupportsIndirectInputEvents = YES;
				INFOPLIST_KEY_UILaunchStoryboardName = LaunchScreen;
				INFOPLIST_KEY_UIMainStoryboardFile = Main;
				INFOPLIST_KEY_UIRequiresFullScreen = YES;
				INFOPLIST_KEY_UISupportedInterfaceOrientations = "UIInterfaceOrientationPortrait UIInterfaceOrientationPortraitUpsideDown UIInterfaceOrientationLandscapeLeft UIInterfaceOrientationLandscapeRight";
				INFOPLIST_KEY_UISupportedInterfaceOrientations_iPad = "UIInterfaceOrientationPortrait UIInterfaceOrientationPortraitUpsideDown UIInterfaceOrientationLandscapeLeft UIInterfaceOrientationLandscapeRight";
				INFOPLIST_KEY_UISupportedInterfaceOrientations_iPhone = "UIInterfaceOrientationPortrait UIInterfaceOrientationLandscapeLeft UIInterfaceOrientationLandscapeRight";
				IPHONEOS_DEPLOYMENT_TARGET = 13.4;
				LD_RUNPATH_SEARCH_PATHS = (
					"$(inherited)",
					"@executable_path/Frameworks",
				);
				LIBRARY_SEARCH_PATHS = (
					"$(inherited)",
					"$(PROJECT_DIR)/libs",
				);
				MARKETING_VERSION = 1.0.0;
				OTHER_SWIFT_FLAGS = "";
				"OTHER_SWIFT_FLAGS[arch=*]" = "-D DRM_ENABLEDs";
				PRODUCT_BUNDLE_IDENTIFIER = com.sigma.td.demo.DemoSSAI;
				PRODUCT_NAME = "$(TARGET_NAME)";
				SWIFT_EMIT_LOC_STRINGS = YES;
				SWIFT_OBJC_BRIDGING_HEADER = "$(SRCROOT)/DemoSSAI/DemoSSAI-Bridging-Header.h";
				SWIFT_VERSION = 5.0;
				TARGETED_DEVICE_FAMILY = "1,2";
			};
			name = Debug;
		};
		9B7D8F7C27F43D4D00C683D4 /* Release */ = {
			isa = XCBuildConfiguration;
			baseConfigurationReference = 429079E5BC52E356902FB563 /* Pods-DemoSSAI.release.xcconfig */;
			buildSettings = {
				ASSETCATALOG_COMPILER_APPICON_NAME = AppIcon;
				ASSETCATALOG_COMPILER_GLOBAL_ACCENT_COLOR_NAME = AccentColor;
				CODE_SIGN_STYLE = Automatic;
				CURRENT_PROJECT_VERSION = 17;
				DEVELOPMENT_TEAM = 653RQ2NUA9;
				FRAMEWORK_SEARCH_PATHS = (
					"$(inherited)",
					"$(PROJECT_DIR)",
					"$(SRCROOT)",
				);
				GCC_PREPROCESSOR_DEFINITIONS = (
					"$(inherited)",
					"COCOAPODS=1",
					"DRM_ENABLED=0",
				);
				GENERATE_INFOPLIST_FILE = YES;
				INFOPLIST_FILE = DemoSSAI/Info.plist;
				INFOPLIST_KEY_CFBundleDisplayName = "Demo SSAI";
				INFOPLIST_KEY_NSUserTrackingUsageDescription = "This identifier will be used to deliver personalized ads to you.";
				INFOPLIST_KEY_UIApplicationSupportsIndirectInputEvents = YES;
				INFOPLIST_KEY_UILaunchStoryboardName = LaunchScreen;
				INFOPLIST_KEY_UIMainStoryboardFile = Main;
				INFOPLIST_KEY_UIRequiresFullScreen = YES;
				INFOPLIST_KEY_UISupportedInterfaceOrientations = "UIInterfaceOrientationPortrait UIInterfaceOrientationPortraitUpsideDown UIInterfaceOrientationLandscapeLeft UIInterfaceOrientationLandscapeRight";
				INFOPLIST_KEY_UISupportedInterfaceOrientations_iPad = "UIInterfaceOrientationPortrait UIInterfaceOrientationPortraitUpsideDown UIInterfaceOrientationLandscapeLeft UIInterfaceOrientationLandscapeRight";
				INFOPLIST_KEY_UISupportedInterfaceOrientations_iPhone = "UIInterfaceOrientationPortrait UIInterfaceOrientationLandscapeLeft UIInterfaceOrientationLandscapeRight";
				IPHONEOS_DEPLOYMENT_TARGET = 13.4;
				LD_RUNPATH_SEARCH_PATHS = (
					"$(inherited)",
					"@executable_path/Frameworks",
				);
				LIBRARY_SEARCH_PATHS = (
					"$(inherited)",
					"$(PROJECT_DIR)/libs",
				);
				MARKETING_VERSION = 1.0.0;
				OTHER_SWIFT_FLAGS = "";
				"OTHER_SWIFT_FLAGS[arch=*]" = "-D DRM_ENABLEDs";
				PRODUCT_BUNDLE_IDENTIFIER = com.sigma.td.demo.DemoSSAI;
				PRODUCT_NAME = "$(TARGET_NAME)";
				SWIFT_EMIT_LOC_STRINGS = YES;
				SWIFT_OBJC_BRIDGING_HEADER = "$(SRCROOT)/DemoSSAI/DemoSSAI-Bridging-Header.h";
				SWIFT_VERSION = 5.0;
				TARGETED_DEVICE_FAMILY = "1,2";
			};
			name = Release;
		};
/* End XCBuildConfiguration section */

/* Begin XCConfigurationList section */
		9B7D8F6127F43D4000C683D4 /* Build configuration list for PBXProject "DemoSSAI" */ = {
			isa = XCConfigurationList;
			buildConfigurations = (
				9B7D8F7827F43D4D00C683D4 /* Debug */,
				9B7D8F7927F43D4D00C683D4 /* Release */,
			);
			defaultConfigurationIsVisible = 0;
			defaultConfigurationName = Release;
		};
		9B7D8F7A27F43D4D00C683D4 /* Build configuration list for PBXNativeTarget "DemoSSAI" */ = {
			isa = XCConfigurationList;
			buildConfigurations = (
				9B7D8F7B27F43D4D00C683D4 /* Debug */,
				9B7D8F7C27F43D4D00C683D4 /* Release */,
			);
			defaultConfigurationIsVisible = 0;
			defaultConfigurationName = Release;
		};
/* End XCConfigurationList section */
	};
	rootObject = 9B7D8F5E27F43D4000C683D4 /* Project object */;
}
